{
  "name": "@pseinfo/database",
  "version": "1.0.0",
  "lockfileVersion": 3,
  "requires": true,
  "packages": {
    "": {
      "name": "@pseinfo/database",
      "version": "1.0.0",
      "license": "MIT",
      "dependencies": {
        "@pseinfo/database-schema": "^0.6.4"
      }
    },
    "node_modules/@pseinfo/database-schema": {
      "version": "0.6.4",
      "resolved": "https://registry.npmjs.org/@pseinfo/database-schema/-/database-schema-0.6.4.tgz",
      "integrity": "sha512-xpxm1RN4YC+gn917mL7u/327RjjWl97J7SfuXquD9Nhoq/8YMYFqqOfLtUi46WbIDQAORGAItwD5EV8NR5Lo1A==",
      "license": "MIT",
      "dependencies": {
        "devtypes": "^2.1.0"
      }
    },
    "node_modules/devtypes": {
      "version": "2.1.0",
      "resolved": "https://registry.npmjs.org/devtypes/-/devtypes-2.1.0.tgz",
      "integrity": "sha512-NJ0L0Fs8VXJ3ckZ0UNwGQFvToj7QB2P9AG7tBLBED2d2vcDFinmIOeeryI76HXUYfS36K2nnelIAcz8+k2ylEQ==",
      "license": "MIT",
      "engines": {
        "node": ">=18.0.0"
      }
    }
  }
}
